
Microsoft Visual Studio Solution File, Format Version 12.00
# Visual Studio Version 16
VisualStudioVersion = 16.0.32602.291
MinimumVisualStudioVersion = 10.0.40219.1
Project("{8BC9CEB8-8B4A-11D0-8D11-00A0C91BC942}") = "OpenGL", "OpenGL\OpenGL.vcxproj", "{DFC2C1FE-C91D-4CA6-8359-5EA4F9F94453}"
EndProject
Project("{8BC9CEB8-8B4A-11D0-8D11-00A0C91BC942}") = "OpenGL_MFC", "OpenGL_MFC\OpenGL_MFC.vcxproj", "{CF447B02-2031-49BA-840C-7836F4CDD281}"
EndProject
Project("{8BC9CEB8-8B4A-11D0-8D11-00A0C91BC942}") = "MFC_OpenGL_Dialog", "MFC_OpenGL_Dialog\MFC_OpenGL_Dialog.vcxproj", "{A01D832D-3AF6-4437-BA42-F8D2C50CE6E4}"
EndProject
Project("{8BC9CEB8-8B4A-11D0-8D11-00A0C91BC942}") = "OenGL_MFC_SDI", "OenGL_MFC_SDI\OenGL_MFC_SDI.vcxproj", "{7DA4C7E0-5FFE-428C-8DEB-8FBA4A62D0F1}"
EndProject
Project("{8BC9CEB8-8B4A-11D0-8D11-00A0C91BC942}") = "OpenGL_MFC_MDI", "OpenGL_MFC_MDI\OpenGL_MFC_MDI.vcxproj", "{E85F318A-699C-4B8A-B0C6-39EEE1B00490}"
EndProject
Project("{8BC9CEB8-8B4A-11D0-8D11-00A0C91BC942}") = "OpenGL_ES2", "OpenGL_ES2\OpenGL_ES2.vcxproj", "{AE238857-FEB9-459D-9CCA-743DD5FF2791}"
EndProject
Project("{8BC9CEB8-8B4A-11D0-8D11-00A0C91BC942}") = "QtWidgetsOpenGL", "QtWidgetsOpenGL\QtWidgetsOpenGL.vcxproj", "{BB3DDD2E-CC2C-439F-85E7-758C7953DDBC}"
EndProject
Project("{8BC9CEB8-8B4A-11D0-8D11-00A0C91BC942}") = "QtWidgetsOpenGL_ES", "QtWidgetsOpenGL_ES\QtWidgetsOpenGL_ES.vcxproj", "{F29AFC7E-CE6D-458D-B4ED-3B6F46998A3C}"
EndProject
Global
	GlobalSection(SolutionConfigurationPlatforms) = preSolution
		Debug|x64 = Debug|x64
		Debug|x86 = Debug|x86
		Release|x64 = Release|x64
		Release|x86 = Release|x86
	EndGlobalSection
	GlobalSection(ProjectConfigurationPlatforms) = postSolution
		{DFC2C1FE-C91D-4CA6-8359-5EA4F9F94453}.Debug|x64.ActiveCfg = Debug|x64
		{DFC2C1FE-C91D-4CA6-8359-5EA4F9F94453}.Debug|x64.Build.0 = Debug|x64
		{DFC2C1FE-C91D-4CA6-8359-5EA4F9F94453}.Debug|x86.ActiveCfg = Debug|Win32
		{DFC2C1FE-C91D-4CA6-8359-5EA4F9F94453}.Debug|x86.Build.0 = Debug|Win32
		{DFC2C1FE-C91D-4CA6-8359-5EA4F9F94453}.Release|x64.ActiveCfg = Release|x64
		{DFC2C1FE-C91D-4CA6-8359-5EA4F9F94453}.Release|x64.Build.0 = Release|x64
		{DFC2C1FE-C91D-4CA6-8359-5EA4F9F94453}.Release|x86.ActiveCfg = Release|Win32
		{DFC2C1FE-C91D-4CA6-8359-5EA4F9F94453}.Release|x86.Build.0 = Release|Win32
		{CF447B02-2031-49BA-840C-7836F4CDD281}.Debug|x64.ActiveCfg = Debug|x64
		{CF447B02-2031-49BA-840C-7836F4CDD281}.Debug|x64.Build.0 = Debug|x64
		{CF447B02-2031-49BA-840C-7836F4CDD281}.Debug|x86.ActiveCfg = Debug|Win32
		{CF447B02-2031-49BA-840C-7836F4CDD281}.Debug|x86.Build.0 = Debug|Win32
		{CF447B02-2031-49BA-840C-7836F4CDD281}.Release|x64.ActiveCfg = Release|x64
		{CF447B02-2031-49BA-840C-7836F4CDD281}.Release|x64.Build.0 = Release|x64
		{CF447B02-2031-49BA-840C-7836F4CDD281}.Release|x86.ActiveCfg = Release|Win32
		{CF447B02-2031-49BA-840C-7836F4CDD281}.Release|x86.Build.0 = Release|Win32
		{A01D832D-3AF6-4437-BA42-F8D2C50CE6E4}.Debug|x64.ActiveCfg = Debug|x64
		{A01D832D-3AF6-4437-BA42-F8D2C50CE6E4}.Debug|x64.Build.0 = Debug|x64
		{A01D832D-3AF6-4437-BA42-F8D2C50CE6E4}.Debug|x86.ActiveCfg = Debug|Win32
		{A01D832D-3AF6-4437-BA42-F8D2C50CE6E4}.Debug|x86.Build.0 = Debug|Win32
		{A01D832D-3AF6-4437-BA42-F8D2C50CE6E4}.Release|x64.ActiveCfg = Release|x64
		{A01D832D-3AF6-4437-BA42-F8D2C50CE6E4}.Release|x64.Build.0 = Release|x64
		{A01D832D-3AF6-4437-BA42-F8D2C50CE6E4}.Release|x86.ActiveCfg = Release|Win32
		{A01D832D-3AF6-4437-BA42-F8D2C50CE6E4}.Release|x86.Build.0 = Release|Win32
		{7DA4C7E0-5FFE-428C-8DEB-8FBA4A62D0F1}.Debug|x64.ActiveCfg = Debug|x64
		{7DA4C7E0-5FFE-428C-8DEB-8FBA4A62D0F1}.Debug|x64.Build.0 = Debug|x64
		{7DA4C7E0-5FFE-428C-8DEB-8FBA4A62D0F1}.Debug|x86.ActiveCfg = Debug|Win32
		{7DA4C7E0-5FFE-428C-8DEB-8FBA4A62D0F1}.Debug|x86.Build.0 = Debug|Win32
		{7DA4C7E0-5FFE-428C-8DEB-8FBA4A62D0F1}.Release|x64.ActiveCfg = Release|x64
		{7DA4C7E0-5FFE-428C-8DEB-8FBA4A62D0F1}.Release|x64.Build.0 = Release|x64
		{7DA4C7E0-5FFE-428C-8DEB-8FBA4A62D0F1}.Release|x86.ActiveCfg = Release|Win32
		{7DA4C7E0-5FFE-428C-8DEB-8FBA4A62D0F1}.Release|x86.Build.0 = Release|Win32
		{E85F318A-699C-4B8A-B0C6-39EEE1B00490}.Debug|x64.ActiveCfg = Debug|x64
		{E85F318A-699C-4B8A-B0C6-39EEE1B00490}.Debug|x64.Build.0 = Debug|x64
		{E85F318A-699C-4B8A-B0C6-39EEE1B00490}.Debug|x86.ActiveCfg = Debug|Win32
		{E85F318A-699C-4B8A-B0C6-39EEE1B00490}.Debug|x86.Build.0 = Debug|Win32
		{E85F318A-699C-4B8A-B0C6-39EEE1B00490}.Release|x64.ActiveCfg = Release|x64
		{E85F318A-699C-4B8A-B0C6-39EEE1B00490}.Release|x64.Build.0 = Release|x64
		{E85F318A-699C-4B8A-B0C6-39EEE1B00490}.Release|x86.ActiveCfg = Release|Win32
		{E85F318A-699C-4B8A-B0C6-39EEE1B00490}.Release|x86.Build.0 = Release|Win32
		{AE238857-FEB9-459D-9CCA-743DD5FF2791}.Debug|x64.ActiveCfg = Debug|x64
		{AE238857-FEB9-459D-9CCA-743DD5FF2791}.Debug|x64.Build.0 = Debug|x64
		{AE238857-FEB9-459D-9CCA-743DD5FF2791}.Debug|x86.ActiveCfg = Debug|Win32
		{AE238857-FEB9-459D-9CCA-743DD5FF2791}.Debug|x86.Build.0 = Debug|Win32
		{AE238857-FEB9-459D-9CCA-743DD5FF2791}.Release|x64.ActiveCfg = Release|x64
		{AE238857-FEB9-459D-9CCA-743DD5FF2791}.Release|x64.Build.0 = Release|x64
		{AE238857-FEB9-459D-9CCA-743DD5FF2791}.Release|x86.ActiveCfg = Release|Win32
		{AE238857-FEB9-459D-9CCA-743DD5FF2791}.Release|x86.Build.0 = Release|Win32
		{BB3DDD2E-CC2C-439F-85E7-758C7953DDBC}.Debug|x64.ActiveCfg = Debug|x64
		{BB3DDD2E-CC2C-439F-85E7-758C7953DDBC}.Debug|x64.Build.0 = Debug|x64
		{BB3DDD2E-CC2C-439F-85E7-758C7953DDBC}.Debug|x86.ActiveCfg = Debug|x64
		{BB3DDD2E-CC2C-439F-85E7-758C7953DDBC}.Release|x64.ActiveCfg = Release|x64
		{BB3DDD2E-CC2C-439F-85E7-758C7953DDBC}.Release|x64.Build.0 = Release|x64
		{BB3DDD2E-CC2C-439F-85E7-758C7953DDBC}.Release|x86.ActiveCfg = Release|x64
		{F29AFC7E-CE6D-458D-B4ED-3B6F46998A3C}.Debug|x64.ActiveCfg = Debug|x64
		{F29AFC7E-CE6D-458D-B4ED-3B6F46998A3C}.Debug|x64.Build.0 = Debug|x64
		{F29AFC7E-CE6D-458D-B4ED-3B6F46998A3C}.Debug|x86.ActiveCfg = Debug|x64
		{F29AFC7E-CE6D-458D-B4ED-3B6F46998A3C}.Release|x64.ActiveCfg = Release|x64
		{F29AFC7E-CE6D-458D-B4ED-3B6F46998A3C}.Release|x64.Build.0 = Release|x64
		{F29AFC7E-CE6D-458D-B4ED-3B6F46998A3C}.Release|x86.ActiveCfg = Release|x64
	EndGlobalSection
	GlobalSection(SolutionProperties) = preSolution
		HideSolutionNode = FALSE
	EndGlobalSection
	GlobalSection(ExtensibilityGlobals) = postSolution
		SolutionGuid = {B4AF500F-7939-4E55-B8D5-9EE130A59483}
	EndGlobalSection
EndGlobal
